
Microsoft Visual Studio Solution File, Format Version 12.00
# Visual Studio Version 16
VisualStudioVersion = 16.0.29326.143
MinimumVisualStudioVersion = 10.0.40219.1
Project("{FAE04EC0-301F-11D3-BF4B-00C04F79EFBC}") = "PrismTaskExtensionsSample", "PrismTaskExtensionsSample\PrismTaskExtensionsSample.csproj", "{3C6FB339-818C-460C-AE4C-12B6E0A9CB4A}"
EndProject
Global
	GlobalSection(SolutionConfigurationPlatforms) = preSolution
		Debug|Any CPU = Debug|Any CPU
		Release|Any CPU = Release|Any CPU
	EndGlobalSection
	GlobalSection(ProjectConfigurationPlatforms) = postSolution
		{3C6FB339-818C-460C-AE4C-12B6E0A9CB4A}.Debug|Any CPU.ActiveCfg = Debug|Any CPU
		{3C6FB339-818C-460C-AE4C-12B6E0A9CB4A}.Debug|Any CPU.Build.0 = Debug|Any CPU
		{3C6FB339-818C-460C-AE4C-12B6E0A9CB4A}.Release|Any CPU.ActiveCfg = Release|Any CPU
		{3C6FB339-818C-460C-AE4C-12B6E0A9CB4A}.Release|Any CPU.Build.0 = Release|Any CPU
	EndGlobalSection
	GlobalSection(SolutionProperties) = preSolution
		HideSolutionNode = FALSE
	EndGlobalSection
	GlobalSection(ExtensibilityGlobals) = postSolution
		SolutionGuid = {E35B66AB-9A50-4E89-B8DA-EFFC075ED58C}
	EndGlobalSection
EndGlobal
